{
  "name": "frontend",
  "version": "0.1.0",
  "lockfileVersion": 1,
  "requires": true,
  "dependencies": {
    "@fullcalendar/daygrid": {
      "version": "4.3.0",
      "resolved": "https://registry.npmjs.org/@fullcalendar/daygrid/-/daygrid-4.3.0.tgz",
      "integrity": "sha512-OrGaRIGbELESOXOCXtoQVY4cOxnxmN7OrjDGbMoVITdoXWuIZ6sFNO84WcBQoRaIbkmqVM0SAU2MENwy+eEwqQ=="
    },
    "@fullcalendar/list": {
      "version": "4.3.0",
      "resolved": "https://registry.npmjs.org/@fullcalendar/list/-/list-4.3.0.tgz",
      "integrity": "sha512-Al+XaKynC4RsJpXyWOWJgrVQXFOSC+fg8DI4HGAt/mrrwazZ1L0pTQwCLeU8auZp53VFazCiNxV+jkAbuDdbDQ=="
    },
    "@fullcalendar/timegrid": {
      "version": "4.3.0",
      "resolved": "https://registry.npmjs.org/@fullcalendar/timegrid/-/timegrid-4.3.0.tgz",
      "integrity": "sha512-9JCSZbzw2Hi+X893l5X9ViZaWjxh+sDy59o6nKx0gYKwSfs/vKpmk73GBQfKyUv8orkjpnTdPFfeLDZqlzBP4Q==",
      "requires": {
        "@fullcalendar/daygrid": "4.3.0"
      }
    }
  }
}
